
Microsoft Visual Studio Solution File, Format Version 12.00
# Visual Studio Version 17
VisualStudioVersion = 17.4.33122.133
MinimumVisualStudioVersion = 10.0.40219.1
Project("{FAE04EC0-301F-11D3-BF4B-00C04F79EFBC}") = "EvTapshiriqlar_Task_3_4.git", "EvTapshiriqlar_Task_3_4.git\EvTapshiriqlar_Task_3_4.git.csproj", "{C79D6222-A935-4AE7-8F77-B6F025A0BAD4}"
EndProject
Global
	GlobalSection(SolutionConfigurationPlatforms) = preSolution
		Debug|Any CPU = Debug|Any CPU
		Release|Any CPU = Release|Any CPU
	EndGlobalSection
	GlobalSection(ProjectConfigurationPlatforms) = postSolution
		{C79D6222-A935-4AE7-8F77-B6F025A0BAD4}.Debug|Any CPU.ActiveCfg = Debug|Any CPU
		{C79D6222-A935-4AE7-8F77-B6F025A0BAD4}.Debug|Any CPU.Build.0 = Debug|Any CPU
		{C79D6222-A935-4AE7-8F77-B6F025A0BAD4}.Release|Any CPU.ActiveCfg = Release|Any CPU
		{C79D6222-A935-4AE7-8F77-B6F025A0BAD4}.Release|Any CPU.Build.0 = Release|Any CPU
	EndGlobalSection
	GlobalSection(SolutionProperties) = preSolution
		HideSolutionNode = FALSE
	EndGlobalSection
	GlobalSection(ExtensibilityGlobals) = postSolution
		SolutionGuid = {52CD95C9-E189-48C5-9B62-FE46FA350D6D}
	EndGlobalSection
EndGlobal
